
Microsoft Visual Studio Solution File, Format Version 12.00
# Visual Studio Version 16
VisualStudioVersion = 16.0.30516.212
MinimumVisualStudioVersion = 10.0.40219.1
Project("{9A19103F-16F7-4668-BE54-9A1E7A4F7556}") = "PeliculasAPI", "back-end\PeliculasAPI.csproj", "{BFF4B7BD-E0E5-409B-A6A6-C75BECA91943}"
EndProject
Global
	GlobalSection(SolutionConfigurationPlatforms) = preSolution
		Debug|Any CPU = Debug|Any CPU
		Release|Any CPU = Release|Any CPU
	EndGlobalSection
	GlobalSection(ProjectConfigurationPlatforms) = postSolution
		{BFF4B7BD-E0E5-409B-A6A6-C75BECA91943}.Debug|Any CPU.ActiveCfg = Debug|Any CPU
		{BFF4B7BD-E0E5-409B-A6A6-C75BECA91943}.Debug|Any CPU.Build.0 = Debug|Any CPU
		{BFF4B7BD-E0E5-409B-A6A6-C75BECA91943}.Release|Any CPU.ActiveCfg = Release|Any CPU
		{BFF4B7BD-E0E5-409B-A6A6-C75BECA91943}.Release|Any CPU.Build.0 = Release|Any CPU
	EndGlobalSection
	GlobalSection(SolutionProperties) = preSolution
		HideSolutionNode = FALSE
	EndGlobalSection
	GlobalSection(ExtensibilityGlobals) = postSolution
		SolutionGuid = {F92D4F86-AD25-4D10-ACD8-49CEC3866EDF}
	EndGlobalSection
EndGlobal
